
Microsoft Visual Studio Solution File, Format Version 12.00
# Visual Studio Version 17
VisualStudioVersion = 17.0.31903.59
MinimumVisualStudioVersion = 10.0.40219.1
Project("{2150E333-8FDC-42A3-9474-1A3956D46DE8}") = "src", "src", "{827E0CD3-B72D-47B6-A68D-7590B98EB39B}"
EndProject
Project("{2150E333-8FDC-42A3-9474-1A3956D46DE8}") = "1-UI", "1-UI", "{AC402F9A-F62A-3DB5-3C2B-47EFBF491C6F}"
EndProject
Project("{FAE04EC0-301F-11D3-BF4B-00C04F79EFBC}") = "Fonbec.Web.Ui", "src\1-UI\Fonbec.Web.Ui\Fonbec.Web.Ui.csproj", "{19EEC426-58AE-4916-A124-6B048B4C5D10}"
EndProject
Project("{2150E333-8FDC-42A3-9474-1A3956D46DE8}") = "2-Logic", "2-Logic", "{0133215E-A50B-F64E-356B-8578399025FF}"
EndProject
Project("{FAE04EC0-301F-11D3-BF4B-00C04F79EFBC}") = "Fonbec.Web.Logic", "src\2-Logic\Fonbec.Web.Logic\Fonbec.Web.Logic.csproj", "{0A4DD740-91C1-42D8-AED6-8A5ABF627306}"
EndProject
Project("{2150E333-8FDC-42A3-9474-1A3956D46DE8}") = "3-DataAccess", "3-DataAccess", "{6D69FDBA-AA91-604F-FC7A-B49D449F344E}"
EndProject
Project("{FAE04EC0-301F-11D3-BF4B-00C04F79EFBC}") = "Fonbec.Web.DataAccess", "src\3-DataAccess\Fonbec.Web.DataAccess\Fonbec.Web.DataAccess.csproj", "{F6AF7901-8676-4AEF-88E5-2520B932345C}"
EndProject
Project("{2150E333-8FDC-42A3-9474-1A3956D46DE8}") = "test", "test", "{0C88DD14-F956-CE84-757C-A364CCF449FC}"
EndProject
Project("{FAE04EC0-301F-11D3-BF4B-00C04F79EFBC}") = "Fonbec.Web.Logic.Tests", "test\Fonbec.Web.Logic.Tests\Fonbec.Web.Logic.Tests.csproj", "{488E92C8-EADE-4FAF-B84F-6796CC6A86DB}"
EndProject
Global
	GlobalSection(SolutionConfigurationPlatforms) = preSolution
		Debug|Any CPU = Debug|Any CPU
		Debug|x64 = Debug|x64
		Debug|x86 = Debug|x86
		Release|Any CPU = Release|Any CPU
		Release|x64 = Release|x64
		Release|x86 = Release|x86
	EndGlobalSection
	GlobalSection(ProjectConfigurationPlatforms) = postSolution
		{19EEC426-58AE-4916-A124-6B048B4C5D10}.Debug|Any CPU.ActiveCfg = Debug|Any CPU
		{19EEC426-58AE-4916-A124-6B048B4C5D10}.Debug|Any CPU.Build.0 = Debug|Any CPU
		{19EEC426-58AE-4916-A124-6B048B4C5D10}.Debug|x64.ActiveCfg = Debug|Any CPU
		{19EEC426-58AE-4916-A124-6B048B4C5D10}.Debug|x64.Build.0 = Debug|Any CPU
		{19EEC426-58AE-4916-A124-6B048B4C5D10}.Debug|x86.ActiveCfg = Debug|Any CPU
		{19EEC426-58AE-4916-A124-6B048B4C5D10}.Debug|x86.Build.0 = Debug|Any CPU
		{19EEC426-58AE-4916-A124-6B048B4C5D10}.Release|Any CPU.ActiveCfg = Release|Any CPU
		{19EEC426-58AE-4916-A124-6B048B4C5D10}.Release|Any CPU.Build.0 = Release|Any CPU
		{19EEC426-58AE-4916-A124-6B048B4C5D10}.Release|x64.ActiveCfg = Release|Any CPU
		{19EEC426-58AE-4916-A124-6B048B4C5D10}.Release|x64.Build.0 = Release|Any CPU
		{19EEC426-58AE-4916-A124-6B048B4C5D10}.Release|x86.ActiveCfg = Release|Any CPU
		{19EEC426-58AE-4916-A124-6B048B4C5D10}.Release|x86.Build.0 = Release|Any CPU
		{0A4DD740-91C1-42D8-AED6-8A5ABF627306}.Debug|Any CPU.ActiveCfg = Debug|Any CPU
		{0A4DD740-91C1-42D8-AED6-8A5ABF627306}.Debug|Any CPU.Build.0 = Debug|Any CPU
		{0A4DD740-91C1-42D8-AED6-8A5ABF627306}.Debug|x64.ActiveCfg = Debug|Any CPU
		{0A4DD740-91C1-42D8-AED6-8A5ABF627306}.Debug|x64.Build.0 = Debug|Any CPU
		{0A4DD740-91C1-42D8-AED6-8A5ABF627306}.Debug|x86.ActiveCfg = Debug|Any CPU
		{0A4DD740-91C1-42D8-AED6-8A5ABF627306}.Debug|x86.Build.0 = Debug|Any CPU
		{0A4DD740-91C1-42D8-AED6-8A5ABF627306}.Release|Any CPU.ActiveCfg = Release|Any CPU
		{0A4DD740-91C1-42D8-AED6-8A5ABF627306}.Release|Any CPU.Build.0 = Release|Any CPU
		{0A4DD740-91C1-42D8-AED6-8A5ABF627306}.Release|x64.ActiveCfg = Release|Any CPU
		{0A4DD740-91C1-42D8-AED6-8A5ABF627306}.Release|x64.Build.0 = Release|Any CPU
		{0A4DD740-91C1-42D8-AED6-8A5ABF627306}.Release|x86.ActiveCfg = Release|Any CPU
		{0A4DD740-91C1-42D8-AED6-8A5ABF627306}.Release|x86.Build.0 = Release|Any CPU
		{F6AF7901-8676-4AEF-88E5-2520B932345C}.Debug|Any CPU.ActiveCfg = Debug|Any CPU
		{F6AF7901-8676-4AEF-88E5-2520B932345C}.Debug|Any CPU.Build.0 = Debug|Any CPU
		{F6AF7901-8676-4AEF-88E5-2520B932345C}.Debug|x64.ActiveCfg = Debug|Any CPU
		{F6AF7901-8676-4AEF-88E5-2520B932345C}.Debug|x64.Build.0 = Debug|Any CPU
		{F6AF7901-8676-4AEF-88E5-2520B932345C}.Debug|x86.ActiveCfg = Debug|Any CPU
		{F6AF7901-8676-4AEF-88E5-2520B932345C}.Debug|x86.Build.0 = Debug|Any CPU
		{F6AF7901-8676-4AEF-88E5-2520B932345C}.Release|Any CPU.ActiveCfg = Release|Any CPU
		{F6AF7901-8676-4AEF-88E5-2520B932345C}.Release|Any CPU.Build.0 = Release|Any CPU
		{F6AF7901-8676-4AEF-88E5-2520B932345C}.Release|x64.ActiveCfg = Release|Any CPU
		{F6AF7901-8676-4AEF-88E5-2520B932345C}.Release|x64.Build.0 = Release|Any CPU
		{F6AF7901-8676-4AEF-88E5-2520B932345C}.Release|x86.ActiveCfg = Release|Any CPU
		{F6AF7901-8676-4AEF-88E5-2520B932345C}.Release|x86.Build.0 = Release|Any CPU
		{488E92C8-EADE-4FAF-B84F-6796CC6A86DB}.Debug|Any CPU.ActiveCfg = Debug|Any CPU
		{488E92C8-EADE-4FAF-B84F-6796CC6A86DB}.Debug|Any CPU.Build.0 = Debug|Any CPU
		{488E92C8-EADE-4FAF-B84F-6796CC6A86DB}.Debug|x64.ActiveCfg = Debug|Any CPU
		{488E92C8-EADE-4FAF-B84F-6796CC6A86DB}.Debug|x64.Build.0 = Debug|Any CPU
		{488E92C8-EADE-4FAF-B84F-6796CC6A86DB}.Debug|x86.ActiveCfg = Debug|Any CPU
		{488E92C8-EADE-4FAF-B84F-6796CC6A86DB}.Debug|x86.Build.0 = Debug|Any CPU
		{488E92C8-EADE-4FAF-B84F-6796CC6A86DB}.Release|Any CPU.ActiveCfg = Release|Any CPU
		{488E92C8-EADE-4FAF-B84F-6796CC6A86DB}.Release|Any CPU.Build.0 = Release|Any CPU
		{488E92C8-EADE-4FAF-B84F-6796CC6A86DB}.Release|x64.ActiveCfg = Release|Any CPU
		{488E92C8-EADE-4FAF-B84F-6796CC6A86DB}.Release|x64.Build.0 = Release|Any CPU
		{488E92C8-EADE-4FAF-B84F-6796CC6A86DB}.Release|x86.ActiveCfg = Release|Any CPU
		{488E92C8-EADE-4FAF-B84F-6796CC6A86DB}.Release|x86.Build.0 = Release|Any CPU
	EndGlobalSection
	GlobalSection(SolutionProperties) = preSolution
		HideSolutionNode = FALSE
	EndGlobalSection
	GlobalSection(NestedProjects) = preSolution
		{AC402F9A-F62A-3DB5-3C2B-47EFBF491C6F} = {827E0CD3-B72D-47B6-A68D-7590B98EB39B}
		{19EEC426-58AE-4916-A124-6B048B4C5D10} = {AC402F9A-F62A-3DB5-3C2B-47EFBF491C6F}
		{0133215E-A50B-F64E-356B-8578399025FF} = {827E0CD3-B72D-47B6-A68D-7590B98EB39B}
		{0A4DD740-91C1-42D8-AED6-8A5ABF627306} = {0133215E-A50B-F64E-356B-8578399025FF}
		{6D69FDBA-AA91-604F-FC7A-B49D449F344E} = {827E0CD3-B72D-47B6-A68D-7590B98EB39B}
		{F6AF7901-8676-4AEF-88E5-2520B932345C} = {6D69FDBA-AA91-604F-FC7A-B49D449F344E}
		{488E92C8-EADE-4FAF-B84F-6796CC6A86DB} = {0C88DD14-F956-CE84-757C-A364CCF449FC}
	EndGlobalSection
	GlobalSection(ExtensibilityGlobals) = postSolution
		SolutionGuid = {E8FC6EB1-CA61-4CEF-AC03-1315B6F624AE}
	EndGlobalSection
EndGlobal
